version = 1
revision = 3
requires-python = ">=3.12"

[[package]]
name = "colorama"
version = "0.4.6"
source = { registry = "http://host.docker.internal:801/repository/pypi/simple" }
sdist = { url = "http://host.docker.internal:801/repository/pypi/packages/colorama/0.4.6/colorama-0.4.6.tar.gz", hash = "sha256:08695f5cb7ed6e0531a20572697297273c47b8cae5a63ffc6d6ed5c201be6e44" }
wheels = [
    { url = "http://host.docker.internal:801/repository/pypi/packages/colorama/0.4.6/colorama-0.4.6-py2.py3-none-any.whl", hash = "sha256:4f1d9991f5acc0ca119f9d443620b77f9d6b33703e51011c16baf57afb285fc6" },
]

[[package]]
name = "iniconfig"
version = "2.1.0"
source = { registry = "http://host.docker.internal:801/repository/pypi/simple" }
sdist = { url = "http://host.docker.internal:801/repository/pypi/packages/iniconfig/2.1.0/iniconfig-2.1.0.tar.gz", hash = "sha256:3abbd2e30b36733fee78f9c7f7308f2d0050e88f0087fd25c2645f63c773e1c7" }
wheels = [
    { url = "http://host.docker.internal:801/repository/pypi/packages/iniconfig/2.1.0/iniconfig-2.1.0-py3-none-any.whl", hash = "sha256:9deba5723312380e77435581c6bf4935c94cbfab9b1ed33ef8d238ea168eb760" },
]

[[package]]
name = "kawa"
version = "0.0.1"
source = { editable = "." }
dependencies = [
    { name = "pydash" },
    { name = "pytest" },
    { name = "ruff" },
    { name = "ty" },
]

[package.metadata]
requires-dist = [
    { name = "pydash", specifier = ">=8.0.5" },
    { name = "pytest", specifier = ">=9.0.1" },
    { name = "ruff", specifier = ">=0.14.6" },
    { name = "ty", specifier = ">=0.0.1a28" },
]

[[package]]
name = "packaging"
version = "25.0"
source = { registry = "http://host.docker.internal:801/repository/pypi/simple" }
sdist = { url = "http://host.docker.internal:801/repository/pypi/packages/packaging/25.0/packaging-25.0.tar.gz", hash = "sha256:d443872c98d677bf60f6a1f2f8c1cb748e8fe762d2bf9d3148b5599295b0fc4f" }
wheels = [
    { url = "http://host.docker.internal:801/repository/pypi/packages/packaging/25.0/packaging-25.0-py3-none-any.whl", hash = "sha256:29572ef2b1f17581046b3a2227d5c611fb25ec70ca1ba8554b24b0e69331a484" },
]

[[package]]
name = "pluggy"
version = "1.6.0"
source = { registry = "http://host.docker.internal:801/repository/pypi/simple" }
sdist = { url = "http://host.docker.internal:801/repository/pypi/packages/pluggy/1.6.0/pluggy-1.6.0.tar.gz", hash = "sha256:7dcc130b76258d33b90f61b658791dede3486c3e6bfb003ee5c9bfb396dd22f3" }
wheels = [
    { url = "http://host.docker.internal:801/repository/pypi/packages/pluggy/1.6.0/pluggy-1.6.0-py3-none-any.whl", hash = "sha256:e920276dd6813095e9377c0bc5566d94c932c33b27a3e3945d8389c374dd4746" },
]

[[package]]
name = "pydash"
version = "8.0.6"
source = { registry = "http://host.docker.internal:801/repository/pypi/simple" }
dependencies = [
    { name = "typing-extensions" },
]
sdist = { url = "http://host.docker.internal:801/repository/pypi/packages/pydash/8.0.6/pydash-8.0.6.tar.gz", hash = "sha256:b2821547e9723f69cf3a986be4db64de41730be149b2641947ecd12e1e11025a" }
wheels = [
    { url = "http://host.docker.internal:801/repository/pypi/packages/pydash/8.0.6/pydash-8.0.6-py3-none-any.whl", hash = "sha256:ee70a81a5b292c007f28f03a4ee8e75c1f5d7576df5457b836ec7ab2839cc5d0" },
]

[[package]]
name = "pygments"
version = "2.19.2"
source = { registry = "http://host.docker.internal:801/repository/pypi/simple" }
sdist = { url = "http://host.docker.internal:801/repository/pypi/packages/pygments/2.19.2/pygments-2.19.2.tar.gz", hash = "sha256:636cb2477cec7f8952536970bc533bc43743542f70392ae026374600add5b887" }
wheels = [
    { url = "http://host.docker.internal:801/repository/pypi/packages/pygments/2.19.2/pygments-2.19.2-py3-none-any.whl", hash = "sha256:86540386c03d588bb81d44bc3928634ff26449851e99741617ecb9037ee5ec0b" },
]

[[package]]
name = "pytest"
version = "9.0.1"
source = { registry = "http://host.docker.internal:801/repository/pypi/simple" }
dependencies = [
    { name = "colorama", marker = "sys_platform == 'win32'" },
    { name = "iniconfig" },
    { name = "packaging" },
    { name = "pluggy" },
    { name = "pygments" },
]
sdist = { url = "http://host.docker.internal:801/repository/pypi/packages/pytest/9.0.1/pytest-9.0.1.tar.gz", hash = "sha256:3e9c069ea73583e255c3b21cf46b8d3c56f6e3a1a8f6da94ccb0fcf57b9d73c8" }
wheels = [
    { url = "http://host.docker.internal:801/repository/pypi/packages/pytest/9.0.1/pytest-9.0.1-py3-none-any.whl", hash = "sha256:67be0030d194df2dfa7b556f2e56fb3c3315bd5c8822c6951162b92b32ce7dad" },
]

[[package]]
name = "ruff"
version = "0.14.6"
source = { registry = "http://host.docker.internal:801/repository/pypi/simple" }
sdist = { url = "http://host.docker.internal:801/repository/pypi/packages/ruff/0.14.6/ruff-0.14.6.tar.gz", hash = "sha256:6f0c742ca6a7783a736b867a263b9a7a80a45ce9bee391eeda296895f1b4e1cc" }
wheels = [
    { url = "http://host.docker.internal:801/repository/pypi/packages/ruff/0.14.6/ruff-0.14.6-py3-none-linux_armv6l.whl", hash = "sha256:d724ac2f1c240dbd01a2ae98db5d1d9a5e1d9e96eba999d1c48e30062df578a3" },
    { url = "http://host.docker.internal:801/repository/pypi/packages/ruff/0.14.6/ruff-0.14.6-py3-none-macosx_10_12_x86_64.whl", hash = "sha256:9f7539ea257aa4d07b7ce87aed580e485c40143f2473ff2f2b75aee003186004" },
    { url = "http://host.docker.internal:801/repository/pypi/packages/ruff/0.14.6/ruff-0.14.6-py3-none-macosx_11_0_arm64.whl", hash = "sha256:7f6007e55b90a2a7e93083ba48a9f23c3158c433591c33ee2e99a49b889c6332" },
    { url = "http://host.docker.internal:801/repository/pypi/packages/ruff/0.14.6/ruff-0.14.6-py3-none-manylinux_2_17_aarch64.manylinux2014_aarch64.whl", hash = "sha256:0a8e7b9d73d8728b68f632aa8e824ef041d068d231d8dbc7808532d3629a6bef" },
    { url = "http://host.docker.internal:801/repository/pypi/packages/ruff/0.14.6/ruff-0.14.6-py3-none-manylinux_2_17_armv7l.manylinux2014_armv7l.whl", hash = "sha256:d50d45d4553a3ebcbd33e7c5e0fe6ca4aafd9a9122492de357205c2c48f00775" },
    { url = "http://host.docker.internal:801/repository/pypi/packages/ruff/0.14.6/ruff-0.14.6-py3-none-manylinux_2_17_i686.manylinux2014_i686.whl", hash = "sha256:118548dd121f8a21bfa8ab2c5b80e5b4aed67ead4b7567790962554f38e598ce" },
    { url = "http://host.docker.internal:801/repository/pypi/packages/ruff/0.14.6/ruff-0.14.6-py3-none-manylinux_2_17_ppc64.manylinux2014_ppc64.whl", hash = "sha256:57256efafbfefcb8748df9d1d766062f62b20150691021f8ab79e2d919f7c11f" },
    { url = "http://host.docker.internal:801/repository/pypi/packages/ruff/0.14.6/ruff-0.14.6-py3-none-manylinux_2_17_ppc64le.manylinux2014_ppc64le.whl", hash = "sha256:ff18134841e5c68f8e5df1999a64429a02d5549036b394fafbe410f886e1989d" },
    { url = "http://host.docker.internal:801/repository/pypi/packages/ruff/0.14.6/ruff-0.14.6-py3-none-manylinux_2_17_s390x.manylinux2014_s390x.whl", hash = "sha256:29c4b7ec1e66a105d5c27bd57fa93203637d66a26d10ca9809dc7fc18ec58440" },
    { url = "http://host.docker.internal:801/repository/pypi/packages/ruff/0.14.6/ruff-0.14.6-py3-none-manylinux_2_17_x86_64.manylinux2014_x86_64.whl", hash = "sha256:167843a6f78680746d7e226f255d920aeed5e4ad9c03258094a2d49d3028b105" },
    { url = "http://host.docker.internal:801/repository/pypi/packages/ruff/0.14.6/ruff-0.14.6-py3-none-manylinux_2_31_riscv64.whl", hash = "sha256:16a33af621c9c523b1ae006b1b99b159bf5ac7e4b1f20b85b2572455018e0821" },
    { url = "http://host.docker.internal:801/repository/pypi/packages/ruff/0.14.6/ruff-0.14.6-py3-none-musllinux_1_2_aarch64.whl", hash = "sha256:1432ab6e1ae2dc565a7eea707d3b03a0c234ef401482a6f1621bc1f427c2ff55" },
    { url = "http://host.docker.internal:801/repository/pypi/packages/ruff/0.14.6/ruff-0.14.6-py3-none-musllinux_1_2_armv7l.whl", hash = "sha256:4c55cfbbe7abb61eb914bfd20683d14cdfb38a6d56c6c66efa55ec6570ee4e71" },
    { url = "http://host.docker.internal:801/repository/pypi/packages/ruff/0.14.6/ruff-0.14.6-py3-none-musllinux_1_2_i686.whl", hash = "sha256:efea3c0f21901a685fff4befda6d61a1bf4cb43de16da87e8226a281d614350b" },
    { url = "http://host.docker.internal:801/repository/pypi/packages/ruff/0.14.6/ruff-0.14.6-py3-none-musllinux_1_2_x86_64.whl", hash = "sha256:344d97172576d75dc6afc0e9243376dbe1668559c72de1864439c4fc95f78185" },
    { url = "http://host.docker.internal:801/repository/pypi/packages/ruff/0.14.6/ruff-0.14.6-py3-none-win32.whl", hash = "sha256:00169c0c8b85396516fdd9ce3446c7ca20c2a8f90a77aa945ba6b8f2bfe99e85" },
    { url = "http://host.docker.internal:801/repository/pypi/packages/ruff/0.14.6/ruff-0.14.6-py3-none-win_amd64.whl", hash = "sha256:390e6480c5e3659f8a4c8d6a0373027820419ac14fa0d2713bd8e6c3e125b8b9" },
    { url = "http://host.docker.internal:801/repository/pypi/packages/ruff/0.14.6/ruff-0.14.6-py3-none-win_arm64.whl", hash = "sha256:d43c81fbeae52cfa8728d8766bbf46ee4298c888072105815b392da70ca836b2" },
]

[[package]]
name = "ty"
version = "0.0.1a28"
source = { registry = "http://host.docker.internal:801/repository/pypi/simple" }
sdist = { url = "http://host.docker.internal:801/repository/pypi/packages/ty/0.0.1a28/ty-0.0.1a28.tar.gz", hash = "sha256:6454f2bc0d5b716aeaba3e32c4585a14a0d6bfc7e90d5aba64539fa33df824c4" }
wheels = [
    { url = "http://host.docker.internal:801/repository/pypi/packages/ty/0.0.1a28/ty-0.0.1a28-py3-none-linux_armv6l.whl", hash = "sha256:0ea28aaaf35176a75ce85da7a4b7f577f3a3319a1eb4d13c0105629e239a7d95" },
    { url = "http://host.docker.internal:801/repository/pypi/packages/ty/0.0.1a28/ty-0.0.1a28-py3-none-macosx_10_12_x86_64.whl", hash = "sha256:463f8b6bee5c3d338a535c40764a4f209f5465caecbc9f7358ee2a7f8b2d321e" },
    { url = "http://host.docker.internal:801/repository/pypi/packages/ty/0.0.1a28/ty-0.0.1a28-py3-none-macosx_11_0_arm64.whl", hash = "sha256:7d037ea9f896e6e9b96ca066959e2a7600db0da9e4038f1247c9337af253cc8c" },
    { url = "http://host.docker.internal:801/repository/pypi/packages/ty/0.0.1a28/ty-0.0.1a28-py3-none-manylinux_2_17_aarch64.manylinux2014_aarch64.whl", hash = "sha256:ad5099ffaa891391733d6fd85bcdd00ad68042a2da4f80a114b9e7044e6f7460" },
    { url = "http://host.docker.internal:801/repository/pypi/packages/ty/0.0.1a28/ty-0.0.1a28-py3-none-manylinux_2_17_armv7l.manylinux2014_armv7l.whl", hash = "sha256:587652aecb8d238adcb45ae7cd12efd27b9778f74b636cbbe5dcc2e938f9af4e" },
    { url = "http://host.docker.internal:801/repository/pypi/packages/ty/0.0.1a28/ty-0.0.1a28-py3-none-manylinux_2_17_i686.manylinux2014_i686.whl", hash = "sha256:7d9556c87419264ffc3071a249f89d890a29df5d09abd8d216bac850ad2d7ba9" },
    { url = "http://host.docker.internal:801/repository/pypi/packages/ty/0.0.1a28/ty-0.0.1a28-py3-none-manylinux_2_17_ppc64.manylinux2014_ppc64.whl", hash = "sha256:7481abc03a0aabf966c9e1cccb18c9edbb7cf01ec011568cd24feb1ab45faef7" },
    { url = "http://host.docker.internal:801/repository/pypi/packages/ty/0.0.1a28/ty-0.0.1a28-py3-none-manylinux_2_17_ppc64le.manylinux2014_ppc64le.whl", hash = "sha256:76fd4926f668b733aeadd09f7d16e63af30cba5438bbba1274f950a1059c8d64" },
    { url = "http://host.docker.internal:801/repository/pypi/packages/ty/0.0.1a28/ty-0.0.1a28-py3-none-manylinux_2_17_s390x.manylinux2014_s390x.whl", hash = "sha256:8fb119d7db1a064dd74ccedf78bdc5caae30cf5de421dff972a849bcff411269" },
    { url = "http://host.docker.internal:801/repository/pypi/packages/ty/0.0.1a28/ty-0.0.1a28-py3-none-manylinux_2_17_x86_64.manylinux2014_x86_64.whl", hash = "sha256:dd7f7d744920af9ceaf7fe6db290366abefbcffd7cce54f15e8cef6a86e2df31" },
    { url = "http://host.docker.internal:801/repository/pypi/packages/ty/0.0.1a28/ty-0.0.1a28-py3-none-musllinux_1_2_aarch64.whl", hash = "sha256:c20c6cf7e786ecf6c8f34892240b4b1ae8b1adce52243868aa400c80b7a9bc1d" },
    { url = "http://host.docker.internal:801/repository/pypi/packages/ty/0.0.1a28/ty-0.0.1a28-py3-none-musllinux_1_2_armv7l.whl", hash = "sha256:54c94a06c0236dfd249217e28816b6aedfc40e71d5b5131924efa3b095dfcf1a" },
    { url = "http://host.docker.internal:801/repository/pypi/packages/ty/0.0.1a28/ty-0.0.1a28-py3-none-musllinux_1_2_i686.whl", hash = "sha256:1a15eb2535229ab65aaafbe3fb22c3d289c4e34cda92fb748815573b6d52fe3a" },
    { url = "http://host.docker.internal:801/repository/pypi/packages/ty/0.0.1a28/ty-0.0.1a28-py3-none-musllinux_1_2_x86_64.whl", hash = "sha256:6c2ebd5314707cd26aabe77b1d664e597b7b29a8d07fed5091f986ebdaa261a9" },
    { url = "http://host.docker.internal:801/repository/pypi/packages/ty/0.0.1a28/ty-0.0.1a28-py3-none-win32.whl", hash = "sha256:ae10abd8575d28744d905979632040222581ba364281abf75baf8f269a10ffc3" },
    { url = "http://host.docker.internal:801/repository/pypi/packages/ty/0.0.1a28/ty-0.0.1a28-py3-none-win_amd64.whl", hash = "sha256:44ef82c1169c050ad9e91b2d76251be097ddd163719735cf7e5a978065f6b87c" },
    { url = "http://host.docker.internal:801/repository/pypi/packages/ty/0.0.1a28/ty-0.0.1a28-py3-none-win_arm64.whl", hash = "sha256:051c1d43df50366fb8e795ae52af8f2015b79d176dbb82cdd45668074847ddf3" },
]

[[package]]
name = "typing-extensions"
version = "4.15.0"
source = { registry = "http://host.docker.internal:801/repository/pypi/simple" }
sdist = { url = "http://host.docker.internal:801/repository/pypi/packages/typing-extensions/4.15.0/typing_extensions-4.15.0.tar.gz", hash = "sha256:0cea48d173cc12fa28ecabc3b837ea3cf6f38c6d1136f85cbaaf598984861466" }
wheels = [
    { url = "http://host.docker.internal:801/repository/pypi/packages/typing-extensions/4.15.0/typing_extensions-4.15.0-py3-none-any.whl", hash = "sha256:f0fa19c6845758ab08074a0cfa8b7aecb71c999ca73d62883bc25cc018c4e548" },
]
