version = 1
revision = 3
requires-python = ">=3.12"

[[package]]
name = "annotated-types"
version = "0.7.0"
source = { registry = "http://host.docker.internal:801/repository/pypi/simple" }
sdist = { url = "http://host.docker.internal:801/repository/pypi/packages/annotated-types/0.7.0/annotated_types-0.7.0.tar.gz", hash = "sha256:aff07c09a53a08bc8cfccb9c85b05f1aa9a2a6f23728d790723543408344ce89" }
wheels = [
    { url = "http://host.docker.internal:801/repository/pypi/packages/annotated-types/0.7.0/annotated_types-0.7.0-py3-none-any.whl", hash = "sha256:1f02e8b43a8fbbc3f3e0d4f0f4bfc8131bcb4eebe8849b8e5c773f3a1c582a53" },
]

[[package]]
name = "anyio"
version = "4.12.1"
source = { registry = "http://host.docker.internal:801/repository/pypi/simple" }
dependencies = [
    { name = "idna" },
    { name = "typing-extensions", marker = "python_full_version < '3.13'" },
]
sdist = { url = "http://host.docker.internal:801/repository/pypi/packages/anyio/4.12.1/anyio-4.12.1.tar.gz", hash = "sha256:41cfcc3a4c85d3f05c932da7c26d0201ac36f72abd4435ba90d0464a3ffed703" }
wheels = [
    { url = "http://host.docker.internal:801/repository/pypi/packages/anyio/4.12.1/anyio-4.12.1-py3-none-any.whl", hash = "sha256:d405828884fc140aa80a3c667b8beed277f1dfedec42ba031bd6ac3db606ab6c" },
]

[[package]]
name = "certifi"
version = "2026.1.4"
source = { registry = "http://host.docker.internal:801/repository/pypi/simple" }
sdist = { url = "http://host.docker.internal:801/repository/pypi/packages/certifi/2026.1.4/certifi-2026.1.4.tar.gz", hash = "sha256:ac726dd470482006e014ad384921ed6438c457018f4b3d204aea4281258b2120" }
wheels = [
    { url = "http://host.docker.internal:801/repository/pypi/packages/certifi/2026.1.4/certifi-2026.1.4-py3-none-any.whl", hash = "sha256:9943707519e4add1115f44c2bc244f782c0249876bf51b6599fee1ffbedd685c" },
]

[[package]]
name = "charset-normalizer"
version = "3.4.4"
source = { registry = "http://host.docker.internal:801/repository/pypi/simple" }
sdist = { url = "http://host.docker.internal:801/repository/pypi/packages/charset-normalizer/3.4.4/charset_normalizer-3.4.4.tar.gz", hash = "sha256:94537985111c35f28720e43603b8e7b43a6ecfb2ce1d3058bbe955b73404e21a" }
wheels = [
    { url = "http://host.docker.internal:801/repository/pypi/packages/charset-normalizer/3.4.4/charset_normalizer-3.4.4-cp312-cp312-macosx_10_13_universal2.whl", hash = "sha256:0a98e6759f854bd25a58a73fa88833fba3b7c491169f86ce1180c948ab3fd394" },
    { url = "http://host.docker.internal:801/repository/pypi/packages/charset-normalizer/3.4.4/charset_normalizer-3.4.4-cp312-cp312-manylinux2014_aarch64.manylinux_2_17_aarch64.manylinux_2_28_aarch64.whl", hash = "sha256:b5b290ccc2a263e8d185130284f8501e3e36c5e02750fc6b6bdeb2e9e96f1e25" },
    { url = "http://host.docker.internal:801/repository/pypi/packages/charset-normalizer/3.4.4/charset_normalizer-3.4.4-cp312-cp312-manylinux2014_armv7l.manylinux_2_17_armv7l.manylinux_2_31_armv7l.whl", hash = "sha256:74bb723680f9f7a6234dcf67aea57e708ec1fbdf5699fb91dfd6f511b0a320ef" },
    { url = "http://host.docker.internal:801/repository/pypi/packages/charset-normalizer/3.4.4/charset_normalizer-3.4.4-cp312-cp312-manylinux2014_ppc64le.manylinux_2_17_ppc64le.manylinux_2_28_ppc64le.whl", hash = "sha256:f1e34719c6ed0b92f418c7c780480b26b5d9c50349e9a9af7d76bf757530350d" },
    { url = "http://host.docker.internal:801/repository/pypi/packages/charset-normalizer/3.4.4/charset_normalizer-3.4.4-cp312-cp312-manylinux2014_s390x.manylinux_2_17_s390x.manylinux_2_28_s390x.whl", hash = "sha256:2437418e20515acec67d86e12bf70056a33abdacb5cb1655042f6538d6b085a8" },
    { url = "http://host.docker.internal:801/repository/pypi/packages/charset-normalizer/3.4.4/charset_normalizer-3.4.4-cp312-cp312-manylinux2014_x86_64.manylinux_2_17_x86_64.manylinux_2_28_x86_64.whl", hash = "sha256:11d694519d7f29d6cd09f6ac70028dba10f92f6cdd059096db198c283794ac86" },
    { url = "http://host.docker.internal:801/repository/pypi/packages/charset-normalizer/3.4.4/charset_normalizer-3.4.4-cp312-cp312-manylinux_2_31_riscv64.manylinux_2_39_riscv64.whl", hash = "sha256:ac1c4a689edcc530fc9d9aa11f5774b9e2f33f9a0c6a57864e90908f5208d30a" },
    { url = "http://host.docker.internal:801/repository/pypi/packages/charset-normalizer/3.4.4/charset_normalizer-3.4.4-cp312-cp312-musllinux_1_2_aarch64.whl", hash = "sha256:21d142cc6c0ec30d2efee5068ca36c128a30b0f2c53c1c07bd78cb6bc1d3be5f" },
    { url = "http://host.docker.internal:801/repository/pypi/packages/charset-normalizer/3.4.4/charset_normalizer-3.4.4-cp312-cp312-musllinux_1_2_armv7l.whl", hash = "sha256:5dbe56a36425d26d6cfb40ce79c314a2e4dd6211d51d6d2191c00bed34f354cc" },
    { url = "http://host.docker.internal:801/repository/pypi/packages/charset-normalizer/3.4.4/charset_normalizer-3.4.4-cp312-cp312-musllinux_1_2_ppc64le.whl", hash = "sha256:5bfbb1b9acf3334612667b61bd3002196fe2a1eb4dd74d247e0f2a4d50ec9bbf" },
    { url = "http://host.docker.internal:801/repository/pypi/packages/charset-normalizer/3.4.4/charset_normalizer-3.4.4-cp312-cp312-musllinux_1_2_riscv64.whl", hash = "sha256:d055ec1e26e441f6187acf818b73564e6e6282709e9bcb5b63f5b23068356a15" },
    { url = "http://host.docker.internal:801/repository/pypi/packages/charset-normalizer/3.4.4/charset_normalizer-3.4.4-cp312-cp312-musllinux_1_2_s390x.whl", hash = "sha256:af2d8c67d8e573d6de5bc30cdb27e9b95e49115cd9baad5ddbd1a6207aaa82a9" },
    { url = "http://host.docker.internal:801/repository/pypi/packages/charset-normalizer/3.4.4/charset_normalizer-3.4.4-cp312-cp312-musllinux_1_2_x86_64.whl", hash = "sha256:780236ac706e66881f3b7f2f32dfe90507a09e67d1d454c762cf642e6e1586e0" },
    { url = "http://host.docker.internal:801/repository/pypi/packages/charset-normalizer/3.4.4/charset_normalizer-3.4.4-cp312-cp312-win32.whl", hash = "sha256:5833d2c39d8896e4e19b689ffc198f08ea58116bee26dea51e362ecc7cd3ed26" },
    { url = "http://host.docker.internal:801/repository/pypi/packages/charset-normalizer/3.4.4/charset_normalizer-3.4.4-cp312-cp312-win_amd64.whl", hash = "sha256:a79cfe37875f822425b89a82333404539ae63dbdddf97f84dcbc3d339aae9525" },
    { url = "http://host.docker.internal:801/repository/pypi/packages/charset-normalizer/3.4.4/charset_normalizer-3.4.4-cp312-cp312-win_arm64.whl", hash = "sha256:376bec83a63b8021bb5c8ea75e21c4ccb86e7e45ca4eb81146091b56599b80c3" },
    { url = "http://host.docker.internal:801/repository/pypi/packages/charset-normalizer/3.4.4/charset_normalizer-3.4.4-cp313-cp313-macosx_10_13_universal2.whl", hash = "sha256:e1f185f86a6f3403aa2420e815904c67b2f9ebc443f045edd0de921108345794" },
    { url = "http://host.docker.internal:801/repository/pypi/packages/charset-normalizer/3.4.4/charset_normalizer-3.4.4-cp313-cp313-manylinux2014_aarch64.manylinux_2_17_aarch64.manylinux_2_28_aarch64.whl", hash = "sha256:6b39f987ae8ccdf0d2642338faf2abb1862340facc796048b604ef14919e55ed" },
    { url = "http://host.docker.internal:801/repository/pypi/packages/charset-normalizer/3.4.4/charset_normalizer-3.4.4-cp313-cp313-manylinux2014_armv7l.manylinux_2_17_armv7l.manylinux_2_31_armv7l.whl", hash = "sha256:3162d5d8ce1bb98dd51af660f2121c55d0fa541b46dff7bb9b9f86ea1d87de72" },
    { url = "http://host.docker.internal:801/repository/pypi/packages/charset-normalizer/3.4.4/charset_normalizer-3.4.4-cp313-cp313-manylinux2014_ppc64le.manylinux_2_17_ppc64le.manylinux_2_28_ppc64le.whl", hash = "sha256:81d5eb2a312700f4ecaa977a8235b634ce853200e828fbadf3a9c50bab278328" },
    { url = "http://host.docker.internal:801/repository/pypi/packages/charset-normalizer/3.4.4/charset_normalizer-3.4.4-cp313-cp313-manylinux2014_s390x.manylinux_2_17_s390x.manylinux_2_28_s390x.whl", hash = "sha256:5bd2293095d766545ec1a8f612559f6b40abc0eb18bb2f5d1171872d34036ede" },
    { url = "http://host.docker.internal:801/repository/pypi/packages/charset-normalizer/3.4.4/charset_normalizer-3.4.4-cp313-cp313-manylinux2014_x86_64.manylinux_2_17_x86_64.manylinux_2_28_x86_64.whl", hash = "sha256:a8a8b89589086a25749f471e6a900d3f662d1d3b6e2e59dcecf787b1cc3a1894" },
    { url = "http://host.docker.internal:801/repository/pypi/packages/charset-normalizer/3.4.4/charset_normalizer-3.4.4-cp313-cp313-manylinux_2_31_riscv64.manylinux_2_39_riscv64.whl", hash = "sha256:bc7637e2f80d8530ee4a78e878bce464f70087ce73cf7c1caf142416923b98f1" },
    { url = "http://host.docker.internal:801/repository/pypi/packages/charset-normalizer/3.4.4/charset_normalizer-3.4.4-cp313-cp313-musllinux_1_2_aarch64.whl", hash = "sha256:f8bf04158c6b607d747e93949aa60618b61312fe647a6369f88ce2ff16043490" },
    { url = "http://host.docker.internal:801/repository/pypi/packages/charset-normalizer/3.4.4/charset_normalizer-3.4.4-cp313-cp313-musllinux_1_2_armv7l.whl", hash = "sha256:554af85e960429cf30784dd47447d5125aaa3b99a6f0683589dbd27e2f45da44" },
    { url = "http://host.docker.internal:801/repository/pypi/packages/charset-normalizer/3.4.4/charset_normalizer-3.4.4-cp313-cp313-musllinux_1_2_ppc64le.whl", hash = "sha256:74018750915ee7ad843a774364e13a3db91682f26142baddf775342c3f5b1133" },
    { url = "http://host.docker.internal:801/repository/pypi/packages/charset-normalizer/3.4.4/charset_normalizer-3.4.4-cp313-cp313-musllinux_1_2_riscv64.whl", hash = "sha256:c0463276121fdee9c49b98908b3a89c39be45d86d1dbaa22957e38f6321d4ce3" },
    { url = "http://host.docker.internal:801/repository/pypi/packages/charset-normalizer/3.4.4/charset_normalizer-3.4.4-cp313-cp313-musllinux_1_2_s390x.whl", hash = "sha256:362d61fd13843997c1c446760ef36f240cf81d3ebf74ac62652aebaf7838561e" },
    { url = "http://host.docker.internal:801/repository/pypi/packages/charset-normalizer/3.4.4/charset_normalizer-3.4.4-cp313-cp313-musllinux_1_2_x86_64.whl", hash = "sha256:9a26f18905b8dd5d685d6d07b0cdf98a79f3c7a918906af7cc143ea2e164c8bc" },
    { url = "http://host.docker.internal:801/repository/pypi/packages/charset-normalizer/3.4.4/charset_normalizer-3.4.4-cp313-cp313-win32.whl", hash = "sha256:9b35f4c90079ff2e2edc5b26c0c77925e5d2d255c42c74fdb70fb49b172726ac" },
    { url = "http://host.docker.internal:801/repository/pypi/packages/charset-normalizer/3.4.4/charset_normalizer-3.4.4-cp313-cp313-win_amd64.whl", hash = "sha256:b435cba5f4f750aa6c0a0d92c541fb79f69a387c91e61f1795227e4ed9cece14" },
    { url = "http://host.docker.internal:801/repository/pypi/packages/charset-normalizer/3.4.4/charset_normalizer-3.4.4-cp313-cp313-win_arm64.whl", hash = "sha256:542d2cee80be6f80247095cc36c418f7bddd14f4a6de45af91dfad36d817bba2" },
    { url = "http://host.docker.internal:801/repository/pypi/packages/charset-normalizer/3.4.4/charset_normalizer-3.4.4-cp314-cp314-macosx_10_13_universal2.whl", hash = "sha256:da3326d9e65ef63a817ecbcc0df6e94463713b754fe293eaa03da99befb9a5bd" },
    { url = "http://host.docker.internal:801/repository/pypi/packages/charset-normalizer/3.4.4/charset_normalizer-3.4.4-cp314-cp314-manylinux2014_aarch64.manylinux_2_17_aarch64.manylinux_2_28_aarch64.whl", hash = "sha256:8af65f14dc14a79b924524b1e7fffe304517b2bff5a58bf64f30b98bbc5079eb" },
    { url = "http://host.docker.internal:801/repository/pypi/packages/charset-normalizer/3.4.4/charset_normalizer-3.4.4-cp314-cp314-manylinux2014_armv7l.manylinux_2_17_armv7l.manylinux_2_31_armv7l.whl", hash = "sha256:74664978bb272435107de04e36db5a9735e78232b85b77d45cfb38f758efd33e" },
    { url = "http://host.docker.internal:801/repository/pypi/packages/charset-normalizer/3.4.4/charset_normalizer-3.4.4-cp314-cp314-manylinux2014_ppc64le.manylinux_2_17_ppc64le.manylinux_2_28_ppc64le.whl", hash = "sha256:752944c7ffbfdd10c074dc58ec2d5a8a4cd9493b314d367c14d24c17684ddd14" },
    { url = "http://host.docker.internal:801/repository/pypi/packages/charset-normalizer/3.4.4/charset_normalizer-3.4.4-cp314-cp314-manylinux2014_s390x.manylinux_2_17_s390x.manylinux_2_28_s390x.whl", hash = "sha256:d1f13550535ad8cff21b8d757a3257963e951d96e20ec82ab44bc64aeb62a191" },
    { url = "http://host.docker.internal:801/repository/pypi/packages/charset-normalizer/3.4.4/charset_normalizer-3.4.4-cp314-cp314-manylinux2014_x86_64.manylinux_2_17_x86_64.manylinux_2_28_x86_64.whl", hash = "sha256:ecaae4149d99b1c9e7b88bb03e3221956f68fd6d50be2ef061b2381b61d20838" },
    { url = "http://host.docker.internal:801/repository/pypi/packages/charset-normalizer/3.4.4/charset_normalizer-3.4.4-cp314-cp314-manylinux_2_31_riscv64.manylinux_2_39_riscv64.whl", hash = "sha256:cb6254dc36b47a990e59e1068afacdcd02958bdcce30bb50cc1700a8b9d624a6" },
    { url = "http://host.docker.internal:801/repository/pypi/packages/charset-normalizer/3.4.4/charset_normalizer-3.4.4-cp314-cp314-musllinux_1_2_aarch64.whl", hash = "sha256:c8ae8a0f02f57a6e61203a31428fa1d677cbe50c93622b4149d5c0f319c1d19e" },
    { url = "http://host.docker.internal:801/repository/pypi/packages/charset-normalizer/3.4.4/charset_normalizer-3.4.4-cp314-cp314-musllinux_1_2_armv7l.whl", hash = "sha256:47cc91b2f4dd2833fddaedd2893006b0106129d4b94fdb6af1f4ce5a9965577c" },
    { url = "http://host.docker.internal:801/repository/pypi/packages/charset-normalizer/3.4.4/charset_normalizer-3.4.4-cp314-cp314-musllinux_1_2_ppc64le.whl", hash = "sha256:82004af6c302b5d3ab2cfc4cc5f29db16123b1a8417f2e25f9066f91d4411090" },
    { url = "http://host.docker.internal:801/repository/pypi/packages/charset-normalizer/3.4.4/charset_normalizer-3.4.4-cp314-cp314-musllinux_1_2_riscv64.whl", hash = "sha256:2b7d8f6c26245217bd2ad053761201e9f9680f8ce52f0fcd8d0755aeae5b2152" },
    { url = "http://host.docker.internal:801/repository/pypi/packages/charset-normalizer/3.4.4/charset_normalizer-3.4.4-cp314-cp314-musllinux_1_2_s390x.whl", hash = "sha256:799a7a5e4fb2d5898c60b640fd4981d6a25f1c11790935a44ce38c54e985f828" },
    { url = "http://host.docker.internal:801/repository/pypi/packages/charset-normalizer/3.4.4/charset_normalizer-3.4.4-cp314-cp314-musllinux_1_2_x86_64.whl", hash = "sha256:99ae2cffebb06e6c22bdc25801d7b30f503cc87dbd283479e7b606f70aff57ec" },
    { url = "http://host.docker.internal:801/repository/pypi/packages/charset-normalizer/3.4.4/charset_normalizer-3.4.4-cp314-cp314-win32.whl", hash = "sha256:f9d332f8c2a2fcbffe1378594431458ddbef721c1769d78e2cbc06280d8155f9" },
    { url = "http://host.docker.internal:801/repository/pypi/packages/charset-normalizer/3.4.4/charset_normalizer-3.4.4-cp314-cp314-win_amd64.whl", hash = "sha256:8a6562c3700cce886c5be75ade4a5db4214fda19fede41d9792d100288d8f94c" },
    { url = "http://host.docker.internal:801/repository/pypi/packages/charset-normalizer/3.4.4/charset_normalizer-3.4.4-cp314-cp314-win_arm64.whl", hash = "sha256:de00632ca48df9daf77a2c65a484531649261ec9f25489917f09e455cb09ddb2" },
    { url = "http://host.docker.internal:801/repository/pypi/packages/charset-normalizer/3.4.4/charset_normalizer-3.4.4-py3-none-any.whl", hash = "sha256:7a32c560861a02ff789ad905a2fe94e3f840803362c84fecf1851cb4cf3dc37f" },
]

[[package]]
name = "colorama"
version = "0.4.6"
source = { registry = "http://host.docker.internal:801/repository/pypi/simple" }
sdist = { url = "http://host.docker.internal:801/repository/pypi/packages/colorama/0.4.6/colorama-0.4.6.tar.gz", hash = "sha256:08695f5cb7ed6e0531a20572697297273c47b8cae5a63ffc6d6ed5c201be6e44" }
wheels = [
    { url = "http://host.docker.internal:801/repository/pypi/packages/colorama/0.4.6/colorama-0.4.6-py2.py3-none-any.whl", hash = "sha256:4f1d9991f5acc0ca119f9d443620b77f9d6b33703e51011c16baf57afb285fc6" },
]

[[package]]
name = "docker"
version = "7.1.0"
source = { registry = "http://host.docker.internal:801/repository/pypi/simple" }
dependencies = [
    { name = "pywin32", marker = "sys_platform == 'win32'" },
    { name = "requests" },
    { name = "urllib3" },
]
sdist = { url = "http://host.docker.internal:801/repository/pypi/packages/docker/7.1.0/docker-7.1.0.tar.gz", hash = "sha256:ad8c70e6e3f8926cb8a92619b832b4ea5299e2831c14284663184e200546fa6c" }
wheels = [
    { url = "http://host.docker.internal:801/repository/pypi/packages/docker/7.1.0/docker-7.1.0-py3-none-any.whl", hash = "sha256:c96b93b7f0a746f9e77d325bcfb87422a3d8bd4f03136ae8a85b37f1898d5fc0" },
]

[[package]]
name = "h11"
version = "0.16.0"
source = { registry = "http://host.docker.internal:801/repository/pypi/simple" }
sdist = { url = "http://host.docker.internal:801/repository/pypi/packages/h11/0.16.0/h11-0.16.0.tar.gz", hash = "sha256:4e35b956cf45792e4caa5885e69fba00bdbc6ffafbfa020300e549b208ee5ff1" }
wheels = [
    { url = "http://host.docker.internal:801/repository/pypi/packages/h11/0.16.0/h11-0.16.0-py3-none-any.whl", hash = "sha256:63cf8bbe7522de3bf65932fda1d9c2772064ffb3dae62d55932da54b31cb6c86" },
]

[[package]]
name = "httpcore"
version = "1.0.9"
source = { registry = "http://host.docker.internal:801/repository/pypi/simple" }
dependencies = [
    { name = "certifi" },
    { name = "h11" },
]
sdist = { url = "http://host.docker.internal:801/repository/pypi/packages/httpcore/1.0.9/httpcore-1.0.9.tar.gz", hash = "sha256:6e34463af53fd2ab5d807f399a9b45ea31c3dfa2276f15a2c3f00afff6e176e8" }
wheels = [
    { url = "http://host.docker.internal:801/repository/pypi/packages/httpcore/1.0.9/httpcore-1.0.9-py3-none-any.whl", hash = "sha256:2d400746a40668fc9dec9810239072b40b4484b640a8c38fd654a024c7a1bf55" },
]

[[package]]
name = "httpx"
version = "0.28.1"
source = { registry = "http://host.docker.internal:801/repository/pypi/simple" }
dependencies = [
    { name = "anyio" },
    { name = "certifi" },
    { name = "httpcore" },
    { name = "idna" },
]
sdist = { url = "http://host.docker.internal:801/repository/pypi/packages/httpx/0.28.1/httpx-0.28.1.tar.gz", hash = "sha256:75e98c5f16b0f35b567856f597f06ff2270a374470a5c2392242528e3e3e42fc" }
wheels = [
    { url = "http://host.docker.internal:801/repository/pypi/packages/httpx/0.28.1/httpx-0.28.1-py3-none-any.whl", hash = "sha256:d909fcccc110f8c7faf814ca82a9a4d816bc5a6dbfea25d6591d6985b8ba59ad" },
]

[[package]]
name = "idna"
version = "3.11"
source = { registry = "http://host.docker.internal:801/repository/pypi/simple" }
sdist = { url = "http://host.docker.internal:801/repository/pypi/packages/idna/3.11/idna-3.11.tar.gz", hash = "sha256:795dafcc9c04ed0c1fb032c2aa73654d8e8c5023a7df64a53f39190ada629902" }
wheels = [
    { url = "http://host.docker.internal:801/repository/pypi/packages/idna/3.11/idna-3.11-py3-none-any.whl", hash = "sha256:771a87f49d9defaf64091e6e6fe9c18d4833f140bd19464795bc32d966ca37ea" },
]

[[package]]
name = "iniconfig"
version = "2.3.0"
source = { registry = "http://host.docker.internal:801/repository/pypi/simple" }
sdist = { url = "http://host.docker.internal:801/repository/pypi/packages/iniconfig/2.3.0/iniconfig-2.3.0.tar.gz", hash = "sha256:c76315c77db068650d49c5b56314774a7804df16fee4402c1f19d6d15d8c4730" }
wheels = [
    { url = "http://host.docker.internal:801/repository/pypi/packages/iniconfig/2.3.0/iniconfig-2.3.0-py3-none-any.whl", hash = "sha256:f631c04d2c48c52b84d0d0549c99ff3859c98df65b3101406327ecc7d53fbf12" },
]

[[package]]
name = "kawaflow-e2e"
version = "0.1.0"
source = { virtual = "." }
dependencies = [
    { name = "docker" },
    { name = "httpx" },
    { name = "pydantic" },
    { name = "pytest" },
    { name = "tenacity" },
]

[package.metadata]
requires-dist = [
    { name = "docker", specifier = ">=7.1.0" },
    { name = "httpx", specifier = ">=0.27.0" },
    { name = "pydantic", specifier = ">=2.7.0" },
    { name = "pytest", specifier = ">=8.3.0" },
    { name = "tenacity", specifier = ">=8.2.0" },
]

[[package]]
name = "packaging"
version = "25.0"
source = { registry = "http://host.docker.internal:801/repository/pypi/simple" }
sdist = { url = "http://host.docker.internal:801/repository/pypi/packages/packaging/25.0/packaging-25.0.tar.gz", hash = "sha256:d443872c98d677bf60f6a1f2f8c1cb748e8fe762d2bf9d3148b5599295b0fc4f" }
wheels = [
    { url = "http://host.docker.internal:801/repository/pypi/packages/packaging/25.0/packaging-25.0-py3-none-any.whl", hash = "sha256:29572ef2b1f17581046b3a2227d5c611fb25ec70ca1ba8554b24b0e69331a484" },
]

[[package]]
name = "pluggy"
version = "1.6.0"
source = { registry = "http://host.docker.internal:801/repository/pypi/simple" }
sdist = { url = "http://host.docker.internal:801/repository/pypi/packages/pluggy/1.6.0/pluggy-1.6.0.tar.gz", hash = "sha256:7dcc130b76258d33b90f61b658791dede3486c3e6bfb003ee5c9bfb396dd22f3" }
wheels = [
    { url = "http://host.docker.internal:801/repository/pypi/packages/pluggy/1.6.0/pluggy-1.6.0-py3-none-any.whl", hash = "sha256:e920276dd6813095e9377c0bc5566d94c932c33b27a3e3945d8389c374dd4746" },
]

[[package]]
name = "pydantic"
version = "2.12.5"
source = { registry = "http://host.docker.internal:801/repository/pypi/simple" }
dependencies = [
    { name = "annotated-types" },
    { name = "pydantic-core" },
    { name = "typing-extensions" },
    { name = "typing-inspection" },
]
sdist = { url = "http://host.docker.internal:801/repository/pypi/packages/pydantic/2.12.5/pydantic-2.12.5.tar.gz", hash = "sha256:4d351024c75c0f085a9febbb665ce8c0c6ec5d30e903bdb6394b7ede26aebb49" }
wheels = [
    { url = "http://host.docker.internal:801/repository/pypi/packages/pydantic/2.12.5/pydantic-2.12.5-py3-none-any.whl", hash = "sha256:e561593fccf61e8a20fc46dfc2dfe075b8be7d0188df33f221ad1f0139180f9d" },
]

[[package]]
name = "pydantic-core"
version = "2.41.5"
source = { registry = "http://host.docker.internal:801/repository/pypi/simple" }
dependencies = [
    { name = "typing-extensions" },
]
sdist = { url = "http://host.docker.internal:801/repository/pypi/packages/pydantic-core/2.41.5/pydantic_core-2.41.5.tar.gz", hash = "sha256:08daa51ea16ad373ffd5e7606252cc32f07bc72b28284b6bc9c6df804816476e" }
wheels = [
    { url = "http://host.docker.internal:801/repository/pypi/packages/pydantic-core/2.41.5/pydantic_core-2.41.5-cp312-cp312-macosx_10_12_x86_64.whl", hash = "sha256:f41a7489d32336dbf2199c8c0a215390a751c5b014c2c1c5366e817202e9cdf7" },
    { url = "http://host.docker.internal:801/repository/pypi/packages/pydantic-core/2.41.5/pydantic_core-2.41.5-cp312-cp312-macosx_11_0_arm64.whl", hash = "sha256:070259a8818988b9a84a449a2a7337c7f430a22acc0859c6b110aa7212a6d9c0" },
    { url = "http://host.docker.internal:801/repository/pypi/packages/pydantic-core/2.41.5/pydantic_core-2.41.5-cp312-cp312-manylinux_2_17_aarch64.manylinux2014_aarch64.whl", hash = "sha256:e96cea19e34778f8d59fe40775a7a574d95816eb150850a85a7a4c8f4b94ac69" },
    { url = "http://host.docker.internal:801/repository/pypi/packages/pydantic-core/2.41.5/pydantic_core-2.41.5-cp312-cp312-manylinux_2_17_armv7l.manylinux2014_armv7l.whl", hash = "sha256:ed2e99c456e3fadd05c991f8f437ef902e00eedf34320ba2b0842bd1c3ca3a75" },
    { url = "http://host.docker.internal:801/repository/pypi/packages/pydantic-core/2.41.5/pydantic_core-2.41.5-cp312-cp312-manylinux_2_17_ppc64le.manylinux2014_ppc64le.whl", hash = "sha256:65840751b72fbfd82c3c640cff9284545342a4f1eb1586ad0636955b261b0b05" },
    { url = "http://host.docker.internal:801/repository/pypi/packages/pydantic-core/2.41.5/pydantic_core-2.41.5-cp312-cp312-manylinux_2_17_s390x.manylinux2014_s390x.whl", hash = "sha256:e536c98a7626a98feb2d3eaf75944ef6f3dbee447e1f841eae16f2f0a72d8ddc" },
    { url = "http://host.docker.internal:801/repository/pypi/packages/pydantic-core/2.41.5/pydantic_core-2.41.5-cp312-cp312-manylinux_2_17_x86_64.manylinux2014_x86_64.whl", hash = "sha256:eceb81a8d74f9267ef4081e246ffd6d129da5d87e37a77c9bde550cb04870c1c" },
    { url = "http://host.docker.internal:801/repository/pypi/packages/pydantic-core/2.41.5/pydantic_core-2.41.5-cp312-cp312-manylinux_2_5_i686.manylinux1_i686.whl", hash = "sha256:d38548150c39b74aeeb0ce8ee1d8e82696f4a4e16ddc6de7b1d8823f7de4b9b5" },
    { url = "http://host.docker.internal:801/repository/pypi/packages/pydantic-core/2.41.5/pydantic_core-2.41.5-cp312-cp312-musllinux_1_1_aarch64.whl", hash = "sha256:c23e27686783f60290e36827f9c626e63154b82b116d7fe9adba1fda36da706c" },
    { url = "http://host.docker.internal:801/repository/pypi/packages/pydantic-core/2.41.5/pydantic_core-2.41.5-cp312-cp312-musllinux_1_1_armv7l.whl", hash = "sha256:482c982f814460eabe1d3bb0adfdc583387bd4691ef00b90575ca0d2b6fe2294" },
    { url = "http://host.docker.internal:801/repository/pypi/packages/pydantic-core/2.41.5/pydantic_core-2.41.5-cp312-cp312-musllinux_1_1_x86_64.whl", hash = "sha256:bfea2a5f0b4d8d43adf9d7b8bf019fb46fdd10a2e5cde477fbcb9d1fa08c68e1" },
    { url = "http://host.docker.internal:801/repository/pypi/packages/pydantic-core/2.41.5/pydantic_core-2.41.5-cp312-cp312-win32.whl", hash = "sha256:b74557b16e390ec12dca509bce9264c3bbd128f8a2c376eaa68003d7f327276d" },
    { url = "http://host.docker.internal:801/repository/pypi/packages/pydantic-core/2.41.5/pydantic_core-2.41.5-cp312-cp312-win_amd64.whl", hash = "sha256:1962293292865bca8e54702b08a4f26da73adc83dd1fcf26fbc875b35d81c815" },
    { url = "http://host.docker.internal:801/repository/pypi/packages/pydantic-core/2.41.5/pydantic_core-2.41.5-cp312-cp312-win_arm64.whl", hash = "sha256:1746d4a3d9a794cacae06a5eaaccb4b8643a131d45fbc9af23e353dc0a5ba5c3" },
    { url = "http://host.docker.internal:801/repository/pypi/packages/pydantic-core/2.41.5/pydantic_core-2.41.5-cp313-cp313-macosx_10_12_x86_64.whl", hash = "sha256:941103c9be18ac8daf7b7adca8228f8ed6bb7a1849020f643b3a14d15b1924d9" },
    { url = "http://host.docker.internal:801/repository/pypi/packages/pydantic-core/2.41.5/pydantic_core-2.41.5-cp313-cp313-macosx_11_0_arm64.whl", hash = "sha256:112e305c3314f40c93998e567879e887a3160bb8689ef3d2c04b6cc62c33ac34" },
    { url = "http://host.docker.internal:801/repository/pypi/packages/pydantic-core/2.41.5/pydantic_core-2.41.5-cp313-cp313-manylinux_2_17_aarch64.manylinux2014_aarch64.whl", hash = "sha256:0cbaad15cb0c90aa221d43c00e77bb33c93e8d36e0bf74760cd00e732d10a6a0" },
    { url = "http://host.docker.internal:801/repository/pypi/packages/pydantic-core/2.41.5/pydantic_core-2.41.5-cp313-cp313-manylinux_2_17_armv7l.manylinux2014_armv7l.whl", hash = "sha256:03ca43e12fab6023fc79d28ca6b39b05f794ad08ec2feccc59a339b02f2b3d33" },
    { url = "http://host.docker.internal:801/repository/pypi/packages/pydantic-core/2.41.5/pydantic_core-2.41.5-cp313-cp313-manylinux_2_17_ppc64le.manylinux2014_ppc64le.whl", hash = "sha256:dc799088c08fa04e43144b164feb0c13f9a0bc40503f8df3e9fde58a3c0c101e" },
    { url = "http://host.docker.internal:801/repository/pypi/packages/pydantic-core/2.41.5/pydantic_core-2.41.5-cp313-cp313-manylinux_2_17_s390x.manylinux2014_s390x.whl", hash = "sha256:97aeba56665b4c3235a0e52b2c2f5ae9cd071b8a8310ad27bddb3f7fb30e9aa2" },
    { url = "http://host.docker.internal:801/repository/pypi/packages/pydantic-core/2.41.5/pydantic_core-2.41.5-cp313-cp313-manylinux_2_17_x86_64.manylinux2014_x86_64.whl", hash = "sha256:406bf18d345822d6c21366031003612b9c77b3e29ffdb0f612367352aab7d586" },
    { url = "http://host.docker.internal:801/repository/pypi/packages/pydantic-core/2.41.5/pydantic_core-2.41.5-cp313-cp313-manylinux_2_5_i686.manylinux1_i686.whl", hash = "sha256:b93590ae81f7010dbe380cdeab6f515902ebcbefe0b9327cc4804d74e93ae69d" },
    { url = "http://host.docker.internal:801/repository/pypi/packages/pydantic-core/2.41.5/pydantic_core-2.41.5-cp313-cp313-musllinux_1_1_aarch64.whl", hash = "sha256:01a3d0ab748ee531f4ea6c3e48ad9dac84ddba4b0d82291f87248f2f9de8d740" },
    { url = "http://host.docker.internal:801/repository/pypi/packages/pydantic-core/2.41.5/pydantic_core-2.41.5-cp313-cp313-musllinux_1_1_armv7l.whl", hash = "sha256:6561e94ba9dacc9c61bce40e2d6bdc3bfaa0259d3ff36ace3b1e6901936d2e3e" },
    { url = "http://host.docker.internal:801/repository/pypi/packages/pydantic-core/2.41.5/pydantic_core-2.41.5-cp313-cp313-musllinux_1_1_x86_64.whl", hash = "sha256:915c3d10f81bec3a74fbd4faebe8391013ba61e5a1a8d48c4455b923bdda7858" },
    { url = "http://host.docker.internal:801/repository/pypi/packages/pydantic-core/2.41.5/pydantic_core-2.41.5-cp313-cp313-win32.whl", hash = "sha256:650ae77860b45cfa6e2cdafc42618ceafab3a2d9a3811fcfbd3bbf8ac3c40d36" },
    { url = "http://host.docker.internal:801/repository/pypi/packages/pydantic-core/2.41.5/pydantic_core-2.41.5-cp313-cp313-win_amd64.whl", hash = "sha256:79ec52ec461e99e13791ec6508c722742ad745571f234ea6255bed38c6480f11" },
    { url = "http://host.docker.internal:801/repository/pypi/packages/pydantic-core/2.41.5/pydantic_core-2.41.5-cp313-cp313-win_arm64.whl", hash = "sha256:3f84d5c1b4ab906093bdc1ff10484838aca54ef08de4afa9de0f5f14d69639cd" },
    { url = "http://host.docker.internal:801/repository/pypi/packages/pydantic-core/2.41.5/pydantic_core-2.41.5-cp314-cp314-macosx_10_12_x86_64.whl", hash = "sha256:3f37a19d7ebcdd20b96485056ba9e8b304e27d9904d233d7b1015db320e51f0a" },
    { url = "http://host.docker.internal:801/repository/pypi/packages/pydantic-core/2.41.5/pydantic_core-2.41.5-cp314-cp314-macosx_11_0_arm64.whl", hash = "sha256:1d1d9764366c73f996edd17abb6d9d7649a7eb690006ab6adbda117717099b14" },
    { url = "http://host.docker.internal:801/repository/pypi/packages/pydantic-core/2.41.5/pydantic_core-2.41.5-cp314-cp314-manylinux_2_17_aarch64.manylinux2014_aarch64.whl", hash = "sha256:25e1c2af0fce638d5f1988b686f3b3ea8cd7de5f244ca147c777769e798a9cd1" },
    { url = "http://host.docker.internal:801/repository/pypi/packages/pydantic-core/2.41.5/pydantic_core-2.41.5-cp314-cp314-manylinux_2_17_armv7l.manylinux2014_armv7l.whl", hash = "sha256:506d766a8727beef16b7adaeb8ee6217c64fc813646b424d0804d67c16eddb66" },
    { url = "http://host.docker.internal:801/repository/pypi/packages/pydantic-core/2.41.5/pydantic_core-2.41.5-cp314-cp314-manylinux_2_17_ppc64le.manylinux2014_ppc64le.whl", hash = "sha256:4819fa52133c9aa3c387b3328f25c1facc356491e6135b459f1de698ff64d869" },
    { url = "http://host.docker.internal:801/repository/pypi/packages/pydantic-core/2.41.5/pydantic_core-2.41.5-cp314-cp314-manylinux_2_17_s390x.manylinux2014_s390x.whl", hash = "sha256:2b761d210c9ea91feda40d25b4efe82a1707da2ef62901466a42492c028553a2" },
    { url = "http://host.docker.internal:801/repository/pypi/packages/pydantic-core/2.41.5/pydantic_core-2.41.5-cp314-cp314-manylinux_2_17_x86_64.manylinux2014_x86_64.whl", hash = "sha256:22f0fb8c1c583a3b6f24df2470833b40207e907b90c928cc8d3594b76f874375" },
    { url = "http://host.docker.internal:801/repository/pypi/packages/pydantic-core/2.41.5/pydantic_core-2.41.5-cp314-cp314-manylinux_2_5_i686.manylinux1_i686.whl", hash = "sha256:2782c870e99878c634505236d81e5443092fba820f0373997ff75f90f68cd553" },
    { url = "http://host.docker.internal:801/repository/pypi/packages/pydantic-core/2.41.5/pydantic_core-2.41.5-cp314-cp314-musllinux_1_1_aarch64.whl", hash = "sha256:0177272f88ab8312479336e1d777f6b124537d47f2123f89cb37e0accea97f90" },
    { url = "http://host.docker.internal:801/repository/pypi/packages/pydantic-core/2.41.5/pydantic_core-2.41.5-cp314-cp314-musllinux_1_1_armv7l.whl", hash = "sha256:63510af5e38f8955b8ee5687740d6ebf7c2a0886d15a6d65c32814613681bc07" },
    { url = "http://host.docker.internal:801/repository/pypi/packages/pydantic-core/2.41.5/pydantic_core-2.41.5-cp314-cp314-musllinux_1_1_x86_64.whl", hash = "sha256:e56ba91f47764cc14f1daacd723e3e82d1a89d783f0f5afe9c364b8bb491ccdb" },
    { url = "http://host.docker.internal:801/repository/pypi/packages/pydantic-core/2.41.5/pydantic_core-2.41.5-cp314-cp314-win32.whl", hash = "sha256:aec5cf2fd867b4ff45b9959f8b20ea3993fc93e63c7363fe6851424c8a7e7c23" },
    { url = "http://host.docker.internal:801/repository/pypi/packages/pydantic-core/2.41.5/pydantic_core-2.41.5-cp314-cp314-win_amd64.whl", hash = "sha256:8e7c86f27c585ef37c35e56a96363ab8de4e549a95512445b85c96d3e2f7c1bf" },
    { url = "http://host.docker.internal:801/repository/pypi/packages/pydantic-core/2.41.5/pydantic_core-2.41.5-cp314-cp314-win_arm64.whl", hash = "sha256:e672ba74fbc2dc8eea59fb6d4aed6845e6905fc2a8afe93175d94a83ba2a01a0" },
    { url = "http://host.docker.internal:801/repository/pypi/packages/pydantic-core/2.41.5/pydantic_core-2.41.5-cp314-cp314t-macosx_10_12_x86_64.whl", hash = "sha256:8566def80554c3faa0e65ac30ab0932b9e3a5cd7f8323764303d468e5c37595a" },
    { url = "http://host.docker.internal:801/repository/pypi/packages/pydantic-core/2.41.5/pydantic_core-2.41.5-cp314-cp314t-macosx_11_0_arm64.whl", hash = "sha256:b80aa5095cd3109962a298ce14110ae16b8c1aece8b72f9dafe81cf597ad80b3" },
    { url = "http://host.docker.internal:801/repository/pypi/packages/pydantic-core/2.41.5/pydantic_core-2.41.5-cp314-cp314t-manylinux_2_17_aarch64.manylinux2014_aarch64.whl", hash = "sha256:3006c3dd9ba34b0c094c544c6006cc79e87d8612999f1a5d43b769b89181f23c" },
    { url = "http://host.docker.internal:801/repository/pypi/packages/pydantic-core/2.41.5/pydantic_core-2.41.5-cp314-cp314t-manylinux_2_17_armv7l.manylinux2014_armv7l.whl", hash = "sha256:72f6c8b11857a856bcfa48c86f5368439f74453563f951e473514579d44aa612" },
    { url = "http://host.docker.internal:801/repository/pypi/packages/pydantic-core/2.41.5/pydantic_core-2.41.5-cp314-cp314t-manylinux_2_17_ppc64le.manylinux2014_ppc64le.whl", hash = "sha256:5cb1b2f9742240e4bb26b652a5aeb840aa4b417c7748b6f8387927bc6e45e40d" },
    { url = "http://host.docker.internal:801/repository/pypi/packages/pydantic-core/2.41.5/pydantic_core-2.41.5-cp314-cp314t-manylinux_2_17_s390x.manylinux2014_s390x.whl", hash = "sha256:bd3d54f38609ff308209bd43acea66061494157703364ae40c951f83ba99a1a9" },
    { url = "http://host.docker.internal:801/repository/pypi/packages/pydantic-core/2.41.5/pydantic_core-2.41.5-cp314-cp314t-manylinux_2_17_x86_64.manylinux2014_x86_64.whl", hash = "sha256:2ff4321e56e879ee8d2a879501c8e469414d948f4aba74a2d4593184eb326660" },
    { url = "http://host.docker.internal:801/repository/pypi/packages/pydantic-core/2.41.5/pydantic_core-2.41.5-cp314-cp314t-manylinux_2_5_i686.manylinux1_i686.whl", hash = "sha256:d0d2568a8c11bf8225044aa94409e21da0cb09dcdafe9ecd10250b2baad531a9" },
    { url = "http://host.docker.internal:801/repository/pypi/packages/pydantic-core/2.41.5/pydantic_core-2.41.5-cp314-cp314t-musllinux_1_1_aarch64.whl", hash = "sha256:a39455728aabd58ceabb03c90e12f71fd30fa69615760a075b9fec596456ccc3" },
    { url = "http://host.docker.internal:801/repository/pypi/packages/pydantic-core/2.41.5/pydantic_core-2.41.5-cp314-cp314t-musllinux_1_1_armv7l.whl", hash = "sha256:239edca560d05757817c13dc17c50766136d21f7cd0fac50295499ae24f90fdf" },
    { url = "http://host.docker.internal:801/repository/pypi/packages/pydantic-core/2.41.5/pydantic_core-2.41.5-cp314-cp314t-musllinux_1_1_x86_64.whl", hash = "sha256:2a5e06546e19f24c6a96a129142a75cee553cc018ffee48a460059b1185f4470" },
    { url = "http://host.docker.internal:801/repository/pypi/packages/pydantic-core/2.41.5/pydantic_core-2.41.5-cp314-cp314t-win32.whl", hash = "sha256:b4ececa40ac28afa90871c2cc2b9ffd2ff0bf749380fbdf57d165fd23da353aa" },
    { url = "http://host.docker.internal:801/repository/pypi/packages/pydantic-core/2.41.5/pydantic_core-2.41.5-cp314-cp314t-win_amd64.whl", hash = "sha256:80aa89cad80b32a912a65332f64a4450ed00966111b6615ca6816153d3585a8c" },
    { url = "http://host.docker.internal:801/repository/pypi/packages/pydantic-core/2.41.5/pydantic_core-2.41.5-cp314-cp314t-win_arm64.whl", hash = "sha256:35b44f37a3199f771c3eaa53051bc8a70cd7b54f333531c59e29fd4db5d15008" },
    { url = "http://host.docker.internal:801/repository/pypi/packages/pydantic-core/2.41.5/pydantic_core-2.41.5-graalpy312-graalpy250_312_native-macosx_10_12_x86_64.whl", hash = "sha256:7da7087d756b19037bc2c06edc6c170eeef3c3bafcb8f532ff17d64dc427adfd" },
    { url = "http://host.docker.internal:801/repository/pypi/packages/pydantic-core/2.41.5/pydantic_core-2.41.5-graalpy312-graalpy250_312_native-macosx_11_0_arm64.whl", hash = "sha256:aabf5777b5c8ca26f7824cb4a120a740c9588ed58df9b2d196ce92fba42ff8dc" },
    { url = "http://host.docker.internal:801/repository/pypi/packages/pydantic-core/2.41.5/pydantic_core-2.41.5-graalpy312-graalpy250_312_native-manylinux_2_17_aarch64.manylinux2014_aarch64.whl", hash = "sha256:c007fe8a43d43b3969e8469004e9845944f1a80e6acd47c150856bb87f230c56" },
    { url = "http://host.docker.internal:801/repository/pypi/packages/pydantic-core/2.41.5/pydantic_core-2.41.5-graalpy312-graalpy250_312_native-manylinux_2_17_x86_64.manylinux2014_x86_64.whl", hash = "sha256:76d0819de158cd855d1cbb8fcafdf6f5cf1eb8e470abe056d5d161106e38062b" },
]

[[package]]
name = "pygments"
version = "2.19.2"
source = { registry = "http://host.docker.internal:801/repository/pypi/simple" }
sdist = { url = "http://host.docker.internal:801/repository/pypi/packages/pygments/2.19.2/pygments-2.19.2.tar.gz", hash = "sha256:636cb2477cec7f8952536970bc533bc43743542f70392ae026374600add5b887" }
wheels = [
    { url = "http://host.docker.internal:801/repository/pypi/packages/pygments/2.19.2/pygments-2.19.2-py3-none-any.whl", hash = "sha256:86540386c03d588bb81d44bc3928634ff26449851e99741617ecb9037ee5ec0b" },
]

[[package]]
name = "pytest"
version = "9.0.2"
source = { registry = "http://host.docker.internal:801/repository/pypi/simple" }
dependencies = [
    { name = "colorama", marker = "sys_platform == 'win32'" },
    { name = "iniconfig" },
    { name = "packaging" },
    { name = "pluggy" },
    { name = "pygments" },
]
sdist = { url = "http://host.docker.internal:801/repository/pypi/packages/pytest/9.0.2/pytest-9.0.2.tar.gz", hash = "sha256:75186651a92bd89611d1d9fc20f0b4345fd827c41ccd5c299a868a05d70edf11" }
wheels = [
    { url = "http://host.docker.internal:801/repository/pypi/packages/pytest/9.0.2/pytest-9.0.2-py3-none-any.whl", hash = "sha256:711ffd45bf766d5264d487b917733b453d917afd2b0ad65223959f59089f875b" },
]

[[package]]
name = "pywin32"
version = "311"
source = { registry = "http://host.docker.internal:801/repository/pypi/simple" }
wheels = [
    { url = "http://host.docker.internal:801/repository/pypi/packages/pywin32/311/pywin32-311-cp312-cp312-win32.whl", hash = "sha256:750ec6e621af2b948540032557b10a2d43b0cee2ae9758c54154d711cc852d31" },
    { url = "http://host.docker.internal:801/repository/pypi/packages/pywin32/311/pywin32-311-cp312-cp312-win_amd64.whl", hash = "sha256:b8c095edad5c211ff31c05223658e71bf7116daa0ecf3ad85f3201ea3190d067" },
    { url = "http://host.docker.internal:801/repository/pypi/packages/pywin32/311/pywin32-311-cp312-cp312-win_arm64.whl", hash = "sha256:e286f46a9a39c4a18b319c28f59b61de793654af2f395c102b4f819e584b5852" },
    { url = "http://host.docker.internal:801/repository/pypi/packages/pywin32/311/pywin32-311-cp313-cp313-win32.whl", hash = "sha256:f95ba5a847cba10dd8c4d8fefa9f2a6cf283b8b88ed6178fa8a6c1ab16054d0d" },
    { url = "http://host.docker.internal:801/repository/pypi/packages/pywin32/311/pywin32-311-cp313-cp313-win_amd64.whl", hash = "sha256:718a38f7e5b058e76aee1c56ddd06908116d35147e133427e59a3983f703a20d" },
    { url = "http://host.docker.internal:801/repository/pypi/packages/pywin32/311/pywin32-311-cp313-cp313-win_arm64.whl", hash = "sha256:7b4075d959648406202d92a2310cb990fea19b535c7f4a78d3f5e10b926eeb8a" },
    { url = "http://host.docker.internal:801/repository/pypi/packages/pywin32/311/pywin32-311-cp314-cp314-win32.whl", hash = "sha256:b7a2c10b93f8986666d0c803ee19b5990885872a7de910fc460f9b0c2fbf92ee" },
    { url = "http://host.docker.internal:801/repository/pypi/packages/pywin32/311/pywin32-311-cp314-cp314-win_amd64.whl", hash = "sha256:3aca44c046bd2ed8c90de9cb8427f581c479e594e99b5c0bb19b29c10fd6cb87" },
    { url = "http://host.docker.internal:801/repository/pypi/packages/pywin32/311/pywin32-311-cp314-cp314-win_arm64.whl", hash = "sha256:a508e2d9025764a8270f93111a970e1d0fbfc33f4153b388bb649b7eec4f9b42" },
]

[[package]]
name = "requests"
version = "2.32.5"
source = { registry = "http://host.docker.internal:801/repository/pypi/simple" }
dependencies = [
    { name = "certifi" },
    { name = "charset-normalizer" },
    { name = "idna" },
    { name = "urllib3" },
]
sdist = { url = "http://host.docker.internal:801/repository/pypi/packages/requests/2.32.5/requests-2.32.5.tar.gz", hash = "sha256:dbba0bac56e100853db0ea71b82b4dfd5fe2bf6d3754a8893c3af500cec7d7cf" }
wheels = [
    { url = "http://host.docker.internal:801/repository/pypi/packages/requests/2.32.5/requests-2.32.5-py3-none-any.whl", hash = "sha256:2462f94637a34fd532264295e186976db0f5d453d1cdd31473c85a6a161affb6" },
]

[[package]]
name = "tenacity"
version = "9.1.2"
source = { registry = "http://host.docker.internal:801/repository/pypi/simple" }
sdist = { url = "http://host.docker.internal:801/repository/pypi/packages/tenacity/9.1.2/tenacity-9.1.2.tar.gz", hash = "sha256:1169d376c297e7de388d18b4481760d478b0e99a777cad3a9c86e556f4b697cb" }
wheels = [
    { url = "http://host.docker.internal:801/repository/pypi/packages/tenacity/9.1.2/tenacity-9.1.2-py3-none-any.whl", hash = "sha256:f77bf36710d8b73a50b2dd155c97b870017ad21afe6ab300326b0371b3b05138" },
]

[[package]]
name = "typing-extensions"
version = "4.15.0"
source = { registry = "http://host.docker.internal:801/repository/pypi/simple" }
sdist = { url = "http://host.docker.internal:801/repository/pypi/packages/typing-extensions/4.15.0/typing_extensions-4.15.0.tar.gz", hash = "sha256:0cea48d173cc12fa28ecabc3b837ea3cf6f38c6d1136f85cbaaf598984861466" }
wheels = [
    { url = "http://host.docker.internal:801/repository/pypi/packages/typing-extensions/4.15.0/typing_extensions-4.15.0-py3-none-any.whl", hash = "sha256:f0fa19c6845758ab08074a0cfa8b7aecb71c999ca73d62883bc25cc018c4e548" },
]

[[package]]
name = "typing-inspection"
version = "0.4.2"
source = { registry = "http://host.docker.internal:801/repository/pypi/simple" }
dependencies = [
    { name = "typing-extensions" },
]
sdist = { url = "http://host.docker.internal:801/repository/pypi/packages/typing-inspection/0.4.2/typing_inspection-0.4.2.tar.gz", hash = "sha256:ba561c48a67c5958007083d386c3295464928b01faa735ab8547c5692e87f464" }
wheels = [
    { url = "http://host.docker.internal:801/repository/pypi/packages/typing-inspection/0.4.2/typing_inspection-0.4.2-py3-none-any.whl", hash = "sha256:4ed1cacbdc298c220f1bd249ed5287caa16f34d44ef4e9c3d0cbad5b521545e7" },
]

[[package]]
name = "urllib3"
version = "2.6.3"
source = { registry = "http://host.docker.internal:801/repository/pypi/simple" }
sdist = { url = "http://host.docker.internal:801/repository/pypi/packages/urllib3/2.6.3/urllib3-2.6.3.tar.gz", hash = "sha256:1b62b6884944a57dbe321509ab94fd4d3b307075e0c2eae991ac71ee15ad38ed" }
wheels = [
    { url = "http://host.docker.internal:801/repository/pypi/packages/urllib3/2.6.3/urllib3-2.6.3-py3-none-any.whl", hash = "sha256:bf272323e553dfb2e87d9bfd225ca7b0f467b919d7bbd355436d3fd37cb0acd4" },
]
